
Microsoft Visual Studio Solution File, Format Version 12.00
# Visual Studio Version 16
VisualStudioVersion = 16.0.29230.47
MinimumVisualStudioVersion = 10.0.40219.1
Project("{FAE04EC0-301F-11D3-BF4B-00C04F79EFBC}") = "WebApp", "WebApp\WebApp.csproj", "{DD6056FC-3001-477D-8320-1DE15A8A7007}"
EndProject
Global
	GlobalSection(SolutionConfigurationPlatforms) = preSolution
		Debug|Any CPU = Debug|Any CPU
		Release|Any CPU = Release|Any CPU
	EndGlobalSection
	GlobalSection(ProjectConfigurationPlatforms) = postSolution
		{DD6056FC-3001-477D-8320-1DE15A8A7007}.Debug|Any CPU.ActiveCfg = Debug|Any CPU
		{DD6056FC-3001-477D-8320-1DE15A8A7007}.Debug|Any CPU.Build.0 = Debug|Any CPU
		{DD6056FC-3001-477D-8320-1DE15A8A7007}.Release|Any CPU.ActiveCfg = Release|Any CPU
		{DD6056FC-3001-477D-8320-1DE15A8A7007}.Release|Any CPU.Build.0 = Release|Any CPU
	EndGlobalSection
	GlobalSection(SolutionProperties) = preSolution
		HideSolutionNode = FALSE
	EndGlobalSection
	GlobalSection(ExtensibilityGlobals) = postSolution
		SolutionGuid = {A2091C1E-E17B-40C8-9372-E4716074AB12}
	EndGlobalSection
EndGlobal
